
Microsoft Visual Studio Solution File, Format Version 12.00
# Visual Studio 15
VisualStudioVersion = 15.0.27004.2005
MinimumVisualStudioVersion = 10.0.40219.1
Project("{FAE04EC0-301F-11D3-BF4B-00C04F79EFBC}") = "App4.Android", "App4\App4.Android\App4.Android.csproj", "{F8C6FE1E-BDD5-46D2-BDA9-1AFFA4FCB42B}"
EndProject
Project("{FAE04EC0-301F-11D3-BF4B-00C04F79EFBC}") = "App4", "App4\App4\App4.csproj", "{CDA153C2-135F-4FF2-96AD-4650BFFA2448}"
EndProject
Project("{FAE04EC0-301F-11D3-BF4B-00C04F79EFBC}") = "App4.iOS", "App4\App4.iOS\App4.iOS.csproj", "{F9260F6F-704B-44D4-ABA7-44DAD9220130}"
EndProject
Global
	GlobalSection(SolutionConfigurationPlatforms) = preSolution
		Ad-Hoc|Any CPU = Ad-Hoc|Any CPU
		Ad-Hoc|iPhone = Ad-Hoc|iPhone
		Ad-Hoc|iPhoneSimulator = Ad-Hoc|iPhoneSimulator
		AppStore|Any CPU = AppStore|Any CPU
		AppStore|iPhone = AppStore|iPhone
		AppStore|iPhoneSimulator = AppStore|iPhoneSimulator
		Debug|Any CPU = Debug|Any CPU
		Debug|iPhone = Debug|iPhone
		Debug|iPhoneSimulator = Debug|iPhoneSimulator
		Release|Any CPU = Release|Any CPU
		Release|iPhone = Release|iPhone
		Release|iPhoneSimulator = Release|iPhoneSimulator
	EndGlobalSection
	GlobalSection(ProjectConfigurationPlatforms) = postSolution
		{F8C6FE1E-BDD5-46D2-BDA9-1AFFA4FCB42B}.Ad-Hoc|Any CPU.ActiveCfg = Release|Any CPU
		{F8C6FE1E-BDD5-46D2-BDA9-1AFFA4FCB42B}.Ad-Hoc|Any CPU.Build.0 = Release|Any CPU
		{F8C6FE1E-BDD5-46D2-BDA9-1AFFA4FCB42B}.Ad-Hoc|Any CPU.Deploy.0 = Release|Any CPU
		{F8C6FE1E-BDD5-46D2-BDA9-1AFFA4FCB42B}.Ad-Hoc|iPhone.ActiveCfg = Release|Any CPU
		{F8C6FE1E-BDD5-46D2-BDA9-1AFFA4FCB42B}.Ad-Hoc|iPhone.Build.0 = Release|Any CPU
		{F8C6FE1E-BDD5-46D2-BDA9-1AFFA4FCB42B}.Ad-Hoc|iPhone.Deploy.0 = Release|Any CPU
		{F8C6FE1E-BDD5-46D2-BDA9-1AFFA4FCB42B}.Ad-Hoc|iPhoneSimulator.ActiveCfg = Release|Any CPU
		{F8C6FE1E-BDD5-46D2-BDA9-1AFFA4FCB42B}.Ad-Hoc|iPhoneSimulator.Build.0 = Release|Any CPU
		{F8C6FE1E-BDD5-46D2-BDA9-1AFFA4FCB42B}.Ad-Hoc|iPhoneSimulator.Deploy.0 = Release|Any CPU
		{F8C6FE1E-BDD5-46D2-BDA9-1AFFA4FCB42B}.AppStore|Any CPU.ActiveCfg = Release|Any CPU
		{F8C6FE1E-BDD5-46D2-BDA9-1AFFA4FCB42B}.AppStore|Any CPU.Build.0 = Release|Any CPU
		{F8C6FE1E-BDD5-46D2-BDA9-1AFFA4FCB42B}.AppStore|Any CPU.Deploy.0 = Release|Any CPU
		{F8C6FE1E-BDD5-46D2-BDA9-1AFFA4FCB42B}.AppStore|iPhone.ActiveCfg = Release|Any CPU
		{F8C6FE1E-BDD5-46D2-BDA9-1AFFA4FCB42B}.AppStore|iPhone.Build.0 = Release|Any CPU
		{F8C6FE1E-BDD5-46D2-BDA9-1AFFA4FCB42B}.AppStore|iPhone.Deploy.0 = Release|Any CPU
		{F8C6FE1E-BDD5-46D2-BDA9-1AFFA4FCB42B}.AppStore|iPhoneSimulator.ActiveCfg = Release|Any CPU
		{F8C6FE1E-BDD5-46D2-BDA9-1AFFA4FCB42B}.AppStore|iPhoneSimulator.Build.0 = Release|Any CPU
		{F8C6FE1E-BDD5-46D2-BDA9-1AFFA4FCB42B}.AppStore|iPhoneSimulator.Deploy.0 = Release|Any CPU
		{F8C6FE1E-BDD5-46D2-BDA9-1AFFA4FCB42B}.Debug|Any CPU.ActiveCfg = Debug|Any CPU
		{F8C6FE1E-BDD5-46D2-BDA9-1AFFA4FCB42B}.Debug|Any CPU.Build.0 = Debug|Any CPU
		{F8C6FE1E-BDD5-46D2-BDA9-1AFFA4FCB42B}.Debug|Any CPU.Deploy.0 = Debug|Any CPU
		{F8C6FE1E-BDD5-46D2-BDA9-1AFFA4FCB42B}.Debug|iPhone.ActiveCfg = Debug|Any CPU
		{F8C6FE1E-BDD5-46D2-BDA9-1AFFA4FCB42B}.Debug|iPhone.Build.0 = Debug|Any CPU
		{F8C6FE1E-BDD5-46D2-BDA9-1AFFA4FCB42B}.Debug|iPhone.Deploy.0 = Debug|Any CPU
		{F8C6FE1E-BDD5-46D2-BDA9-1AFFA4FCB42B}.Debug|iPhoneSimulator.ActiveCfg = Debug|Any CPU
		{F8C6FE1E-BDD5-46D2-BDA9-1AFFA4FCB42B}.Debug|iPhoneSimulator.Build.0 = Debug|Any CPU
		{F8C6FE1E-BDD5-46D2-BDA9-1AFFA4FCB42B}.Debug|iPhoneSimulator.Deploy.0 = Debug|Any CPU
		{F8C6FE1E-BDD5-46D2-BDA9-1AFFA4FCB42B}.Release|Any CPU.ActiveCfg = Release|Any CPU
		{F8C6FE1E-BDD5-46D2-BDA9-1AFFA4FCB42B}.Release|Any CPU.Build.0 = Release|Any CPU
		{F8C6FE1E-BDD5-46D2-BDA9-1AFFA4FCB42B}.Release|Any CPU.Deploy.0 = Release|Any CPU
		{F8C6FE1E-BDD5-46D2-BDA9-1AFFA4FCB42B}.Release|iPhone.ActiveCfg = Release|Any CPU
		{F8C6FE1E-BDD5-46D2-BDA9-1AFFA4FCB42B}.Release|iPhone.Build.0 = Release|Any CPU
		{F8C6FE1E-BDD5-46D2-BDA9-1AFFA4FCB42B}.Release|iPhone.Deploy.0 = Release|Any CPU
		{F8C6FE1E-BDD5-46D2-BDA9-1AFFA4FCB42B}.Release|iPhoneSimulator.ActiveCfg = Release|Any CPU
		{F8C6FE1E-BDD5-46D2-BDA9-1AFFA4FCB42B}.Release|iPhoneSimulator.Build.0 = Release|Any CPU
		{F8C6FE1E-BDD5-46D2-BDA9-1AFFA4FCB42B}.Release|iPhoneSimulator.Deploy.0 = Release|Any CPU
		{CDA153C2-135F-4FF2-96AD-4650BFFA2448}.Ad-Hoc|Any CPU.ActiveCfg = Release|Any CPU
		{CDA153C2-135F-4FF2-96AD-4650BFFA2448}.Ad-Hoc|Any CPU.Build.0 = Release|Any CPU
		{CDA153C2-135F-4FF2-96AD-4650BFFA2448}.Ad-Hoc|iPhone.ActiveCfg = Release|Any CPU
		{CDA153C2-135F-4FF2-96AD-4650BFFA2448}.Ad-Hoc|iPhone.Build.0 = Release|Any CPU
		{CDA153C2-135F-4FF2-96AD-4650BFFA2448}.Ad-Hoc|iPhoneSimulator.ActiveCfg = Release|Any CPU
		{CDA153C2-135F-4FF2-96AD-4650BFFA2448}.Ad-Hoc|iPhoneSimulator.Build.0 = Release|Any CPU
		{CDA153C2-135F-4FF2-96AD-4650BFFA2448}.AppStore|Any CPU.ActiveCfg = Release|Any CPU
		{CDA153C2-135F-4FF2-96AD-4650BFFA2448}.AppStore|Any CPU.Build.0 = Release|Any CPU
		{CDA153C2-135F-4FF2-96AD-4650BFFA2448}.AppStore|iPhone.ActiveCfg = Release|Any CPU
		{CDA153C2-135F-4FF2-96AD-4650BFFA2448}.AppStore|iPhone.Build.0 = Release|Any CPU
		{CDA153C2-135F-4FF2-96AD-4650BFFA2448}.AppStore|iPhoneSimulator.ActiveCfg = Release|Any CPU
		{CDA153C2-135F-4FF2-96AD-4650BFFA2448}.AppStore|iPhoneSimulator.Build.0 = Release|Any CPU
		{CDA153C2-135F-4FF2-96AD-4650BFFA2448}.Debug|Any CPU.ActiveCfg = Debug|Any CPU
		{CDA153C2-135F-4FF2-96AD-4650BFFA2448}.Debug|Any CPU.Build.0 = Debug|Any CPU
		{CDA153C2-135F-4FF2-96AD-4650BFFA2448}.Debug|iPhone.ActiveCfg = Debug|Any CPU
		{CDA153C2-135F-4FF2-96AD-4650BFFA2448}.Debug|iPhone.Build.0 = Debug|Any CPU
		{CDA153C2-135F-4FF2-96AD-4650BFFA2448}.Debug|iPhoneSimulator.ActiveCfg = Debug|Any CPU
		{CDA153C2-135F-4FF2-96AD-4650BFFA2448}.Debug|iPhoneSimulator.Build.0 = Debug|Any CPU
		{CDA153C2-135F-4FF2-96AD-4650BFFA2448}.Release|Any CPU.ActiveCfg = Release|Any CPU
		{CDA153C2-135F-4FF2-96AD-4650BFFA2448}.Release|Any CPU.Build.0 = Release|Any CPU
		{CDA153C2-135F-4FF2-96AD-4650BFFA2448}.Release|iPhone.ActiveCfg = Release|Any CPU
		{CDA153C2-135F-4FF2-96AD-4650BFFA2448}.Release|iPhone.Build.0 = Release|Any CPU
		{CDA153C2-135F-4FF2-96AD-4650BFFA2448}.Release|iPhoneSimulator.ActiveCfg = Release|Any CPU
		{CDA153C2-135F-4FF2-96AD-4650BFFA2448}.Release|iPhoneSimulator.Build.0 = Release|Any CPU
		{F9260F6F-704B-44D4-ABA7-44DAD9220130}.Ad-Hoc|Any CPU.ActiveCfg = Ad-Hoc|iPhoneSimulator
		{F9260F6F-704B-44D4-ABA7-44DAD9220130}.Ad-Hoc|iPhone.ActiveCfg = Ad-Hoc|iPhone
		{F9260F6F-704B-44D4-ABA7-44DAD9220130}.Ad-Hoc|iPhone.Build.0 = Ad-Hoc|iPhone
		{F9260F6F-704B-44D4-ABA7-44DAD9220130}.Ad-Hoc|iPhoneSimulator.ActiveCfg = Ad-Hoc|iPhoneSimulator
		{F9260F6F-704B-44D4-ABA7-44DAD9220130}.Ad-Hoc|iPhoneSimulator.Build.0 = Ad-Hoc|iPhoneSimulator
		{F9260F6F-704B-44D4-ABA7-44DAD9220130}.AppStore|Any CPU.ActiveCfg = AppStore|iPhoneSimulator
		{F9260F6F-704B-44D4-ABA7-44DAD9220130}.AppStore|iPhone.ActiveCfg = AppStore|iPhone
		{F9260F6F-704B-44D4-ABA7-44DAD9220130}.AppStore|iPhone.Build.0 = AppStore|iPhone
		{F9260F6F-704B-44D4-ABA7-44DAD9220130}.AppStore|iPhoneSimulator.ActiveCfg = AppStore|iPhoneSimulator
		{F9260F6F-704B-44D4-ABA7-44DAD9220130}.AppStore|iPhoneSimulator.Build.0 = AppStore|iPhoneSimulator
		{F9260F6F-704B-44D4-ABA7-44DAD9220130}.Debug|Any CPU.ActiveCfg = Debug|iPhoneSimulator
		{F9260F6F-704B-44D4-ABA7-44DAD9220130}.Debug|iPhone.ActiveCfg = Debug|iPhone
		{F9260F6F-704B-44D4-ABA7-44DAD9220130}.Debug|iPhone.Build.0 = Debug|iPhone
		{F9260F6F-704B-44D4-ABA7-44DAD9220130}.Debug|iPhoneSimulator.ActiveCfg = Debug|iPhoneSimulator
		{F9260F6F-704B-44D4-ABA7-44DAD9220130}.Debug|iPhoneSimulator.Build.0 = Debug|iPhoneSimulator
		{F9260F6F-704B-44D4-ABA7-44DAD9220130}.Release|Any CPU.ActiveCfg = Release|iPhoneSimulator
		{F9260F6F-704B-44D4-ABA7-44DAD9220130}.Release|iPhone.ActiveCfg = Release|iPhone
		{F9260F6F-704B-44D4-ABA7-44DAD9220130}.Release|iPhone.Build.0 = Release|iPhone
		{F9260F6F-704B-44D4-ABA7-44DAD9220130}.Release|iPhoneSimulator.ActiveCfg = Release|iPhoneSimulator
		{F9260F6F-704B-44D4-ABA7-44DAD9220130}.Release|iPhoneSimulator.Build.0 = Release|iPhoneSimulator
	EndGlobalSection
	GlobalSection(SolutionProperties) = preSolution
		HideSolutionNode = FALSE
	EndGlobalSection
	GlobalSection(ExtensibilityGlobals) = postSolution
		SolutionGuid = {FB7770DB-5D01-4F80-A04C-28D1DCF6C79E}
	EndGlobalSection
EndGlobal
